// !$*UTF8*$!
{
	archiveVersion = 1;
	classes = {
	};
	objectVersion = 56;
	objects = {

/* Begin PBXBuildFile section */
		3D726EA029E7FBA60052CB27 /* AppDelegate.swift in Sources */ = {isa = PBXBuildFile; fileRef = 3D726E9F29E7FBA60052CB27 /* AppDelegate.swift */; };
		3D726EA229E7FBA60052CB27 /* SceneDelegate.swift in Sources */ = {isa = PBXBuildFile; fileRef = 3D726EA129E7FBA60052CB27 /* SceneDelegate.swift */; };
		3D726EA429E7FBA60052CB27 /* ViewController.swift in Sources */ = {isa = PBXBuildFile; fileRef = 3D726EA329E7FBA60052CB27 /* ViewController.swift */; };
		3D726EA729E7FBA60052CB27 /* Main.storyboard in Resources */ = {isa = PBXBuildFile; fileRef = 3D726EA529E7FBA60052CB27 /* Main.storyboard */; };
		3D726EA929E7FBA90052CB27 /* Assets.xcassets in Resources */ = {isa = PBXBuildFile; fileRef = 3D726EA829E7FBA90052CB27 /* Assets.xcassets */; };
		3D726EAC29E7FBA90052CB27 /* LaunchScreen.storyboard in Resources */ = {isa = PBXBuildFile; fileRef = 3D726EAA29E7FBA90052CB27 /* LaunchScreen.storyboard */; };
		3D726EB729E7FBAA0052CB27 /* GolfPad_TestTests.swift in Sources */ = {isa = PBXBuildFile; fileRef = 3D726EB629E7FBAA0052CB27 /* GolfPad_TestTests.swift */; };
		3D726EC129E7FBAA0052CB27 /* GolfPad_TestUITests.swift in Sources */ = {isa = PBXBuildFile; fileRef = 3D726EC029E7FBAA0052CB27 /* GolfPad_TestUITests.swift */; };
		3D726EC329E7FBAA0052CB27 /* GolfPad_TestUITestsLaunchTests.swift in Sources */ = {isa = PBXBuildFile; fileRef = 3D726EC229E7FBAA0052CB27 /* GolfPad_TestUITestsLaunchTests.swift */; };
		3D726ED029E82C710052CB27 /* MainPresenter.swift in Sources */ = {isa = PBXBuildFile; fileRef = 3D726ECF29E82C710052CB27 /* MainPresenter.swift */; };
		3D726ED229E82F210052CB27 /* UIViewControllerExtension.swift in Sources */ = {isa = PBXBuildFile; fileRef = 3D726ED129E82F210052CB27 /* UIViewControllerExtension.swift */; };
/* End PBXBuildFile section */

/* Begin PBXContainerItemProxy section */
		3D726EB329E7FBAA0052CB27 /* PBXContainerItemProxy */ = {
			isa = PBXContainerItemProxy;
			containerPortal = 3D726E9429E7FBA60052CB27 /* Project object */;
			proxyType = 1;
			remoteGlobalIDString = 3D726E9B29E7FBA60052CB27;
			remoteInfo = "GolfPad-Test";
		};
		3D726EBD29E7FBAA0052CB27 /* PBXContainerItemProxy */ = {
			isa = PBXContainerItemProxy;
			containerPortal = 3D726E9429E7FBA60052CB27 /* Project object */;
			proxyType = 1;
			remoteGlobalIDString = 3D726E9B29E7FBA60052CB27;
			remoteInfo = "GolfPad-Test";
		};
/* End PBXContainerItemProxy section */

/* Begin PBXFileReference section */
		3D726E9C29E7FBA60052CB27 /* GolfPad-Test.app */ = {isa = PBXFileReference; explicitFileType = wrapper.application; includeInIndex = 0; path = "GolfPad-Test.app"; sourceTree = BUILT_PRODUCTS_DIR; };
		3D726E9F29E7FBA60052CB27 /* AppDelegate.swift */ = {isa = PBXFileReference; lastKnownFileType = sourcecode.swift; path = AppDelegate.swift; sourceTree = "<group>"; };
		3D726EA129E7FBA60052CB27 /* SceneDelegate.swift */ = {isa = PBXFileReference; lastKnownFileType = sourcecode.swift; path = SceneDelegate.swift; sourceTree = "<group>"; };
		3D726EA329E7FBA60052CB27 /* ViewController.swift */ = {isa = PBXFileReference; lastKnownFileType = sourcecode.swift; path = ViewController.swift; sourceTree = "<group>"; };
		3D726EA629E7FBA60052CB27 /* Base */ = {isa = PBXFileReference; lastKnownFileType = file.storyboard; name = Base; path = Base.lproj/Main.storyboard; sourceTree = "<group>"; };
		3D726EA829E7FBA90052CB27 /* Assets.xcassets */ = {isa = PBXFileReference; lastKnownFileType = folder.assetcatalog; path = Assets.xcassets; sourceTree = "<group>"; };
		3D726EAB29E7FBA90052CB27 /* Base */ = {isa = PBXFileReference; lastKnownFileType = file.storyboard; name = Base; path = Base.lproj/LaunchScreen.storyboard; sourceTree = "<group>"; };
		3D726EAD29E7FBA90052CB27 /* Info.plist */ = {isa = PBXFileReference; lastKnownFileType = text.plist.xml; path = Info.plist; sourceTree = "<group>"; };
		3D726EB229E7FBAA0052CB27 /* GolfPad-TestTests.xctest */ = {isa = PBXFileReference; explicitFileType = wrapper.cfbundle; includeInIndex = 0; path = "GolfPad-TestTests.xctest"; sourceTree = BUILT_PRODUCTS_DIR; };
		3D726EB629E7FBAA0052CB27 /* GolfPad_TestTests.swift */ = {isa = PBXFileReference; lastKnownFileType = sourcecode.swift; path = GolfPad_TestTests.swift; sourceTree = "<group>"; };
		3D726EBC29E7FBAA0052CB27 /* GolfPad-TestUITests.xctest */ = {isa = PBXFileReference; explicitFileType = wrapper.cfbundle; includeInIndex = 0; path = "GolfPad-TestUITests.xctest"; sourceTree = BUILT_PRODUCTS_DIR; };
		3D726EC029E7FBAA0052CB27 /* GolfPad_TestUITests.swift */ = {isa = PBXFileReference; lastKnownFileType = sourcecode.swift; path = GolfPad_TestUITests.swift; sourceTree = "<group>"; };
		3D726EC229E7FBAA0052CB27 /* GolfPad_TestUITestsLaunchTests.swift */ = {isa = PBXFileReference; lastKnownFileType = sourcecode.swift; path = GolfPad_TestUITestsLaunchTests.swift; sourceTree = "<group>"; };
		3D726ECF29E82C710052CB27 /* MainPresenter.swift */ = {isa = PBXFileReference; lastKnownFileType = sourcecode.swift; path = MainPresenter.swift; sourceTree = "<group>"; };
		3D726ED129E82F210052CB27 /* UIViewControllerExtension.swift */ = {isa = PBXFileReference; lastKnownFileType = sourcecode.swift; path = UIViewControllerExtension.swift; sourceTree = "<group>"; };
/* End PBXFileReference section */

/* Begin PBXFrameworksBuildPhase section */
		3D726E9929E7FBA60052CB27 /* Frameworks */ = {
			isa = PBXFrameworksBuildPhase;
			buildActionMask = 2147483647;
			files = (
			);
			runOnlyForDeploymentPostprocessing = 0;
		};
		3D726EAF29E7FBAA0052CB27 /* Frameworks */ = {
			isa = PBXFrameworksBuildPhase;
			buildActionMask = 2147483647;
			files = (
			);
			runOnlyForDeploymentPostprocessing = 0;
		};
		3D726EB929E7FBAA0052CB27 /* Frameworks */ = {
			isa = PBXFrameworksBuildPhase;
			buildActionMask = 2147483647;
			files = (
			);
			runOnlyForDeploymentPostprocessing = 0;
		};
/* End PBXFrameworksBuildPhase section */

/* Begin PBXGroup section */
		3D726E9329E7FBA60052CB27 = {
			isa = PBXGroup;
			children = (
				3D726E9E29E7FBA60052CB27 /* GolfPad-Test */,
				3D726EB529E7FBAA0052CB27 /* GolfPad-TestTests */,
				3D726EBF29E7FBAA0052CB27 /* GolfPad-TestUITests */,
				3D726E9D29E7FBA60052CB27 /* Products */,
			);
			sourceTree = "<group>";
		};
		3D726E9D29E7FBA60052CB27 /* Products */ = {
			isa = PBXGroup;
			children = (
				3D726E9C29E7FBA60052CB27 /* GolfPad-Test.app */,
				3D726EB229E7FBAA0052CB27 /* GolfPad-TestTests.xctest */,
				3D726EBC29E7FBAA0052CB27 /* GolfPad-TestUITests.xctest */,
			);
			name = Products;
			sourceTree = "<group>";
		};
		3D726E9E29E7FBA60052CB27 /* GolfPad-Test */ = {
			isa = PBXGroup;
			children = (
				3D726E9F29E7FBA60052CB27 /* AppDelegate.swift */,
				3D726EA129E7FBA60052CB27 /* SceneDelegate.swift */,
				3D726EA329E7FBA60052CB27 /* ViewController.swift */,
				3D726EA529E7FBA60052CB27 /* Main.storyboard */,
				3D726EA829E7FBA90052CB27 /* Assets.xcassets */,
				3D726EAA29E7FBA90052CB27 /* LaunchScreen.storyboard */,
				3D726EAD29E7FBA90052CB27 /* Info.plist */,
				3D726ECF29E82C710052CB27 /* MainPresenter.swift */,
				3D726ED129E82F210052CB27 /* UIViewControllerExtension.swift */,
			);
			path = "GolfPad-Test";
			sourceTree = "<group>";
		};
		3D726EB529E7FBAA0052CB27 /* GolfPad-TestTests */ = {
			isa = PBXGroup;
			children = (
				3D726EB629E7FBAA0052CB27 /* GolfPad_TestTests.swift */,
			);
			path = "GolfPad-TestTests";
			sourceTree = "<group>";
		};
		3D726EBF29E7FBAA0052CB27 /* GolfPad-TestUITests */ = {
			isa = PBXGroup;
			children = (
				3D726EC029E7FBAA0052CB27 /* GolfPad_TestUITests.swift */,
				3D726EC229E7FBAA0052CB27 /* GolfPad_TestUITestsLaunchTests.swift */,
			);
			path = "GolfPad-TestUITests";
			sourceTree = "<group>";
		};
/* End PBXGroup section */

/* Begin PBXNativeTarget section */
		3D726E9B29E7FBA60052CB27 /* GolfPad-Test */ = {
			isa = PBXNativeTarget;
			buildConfigurationList = 3D726EC629E7FBAA0052CB27 /* Build configuration list for PBXNativeTarget "GolfPad-Test" */;
			buildPhases = (
				3D726E9829E7FBA60052CB27 /* Sources */,
				3D726E9929E7FBA60052CB27 /* Frameworks */,
				3D726E9A29E7FBA60052CB27 /* Resources */,
			);
			buildRules = (
			);
			dependencies = (
			);
			name = "GolfPad-Test";
			productName = "GolfPad-Test";
			productReference = 3D726E9C29E7FBA60052CB27 /* GolfPad-Test.app */;
			productType = "com.apple.product-type.application";
		};
		3D726EB129E7FBAA0052CB27 /* GolfPad-TestTests */ = {
			isa = PBXNativeTarget;
			buildConfigurationList = 3D726EC929E7FBAA0052CB27 /* Build configuration list for PBXNativeTarget "GolfPad-TestTests" */;
			buildPhases = (
				3D726EAE29E7FBAA0052CB27 /* Sources */,
				3D726EAF29E7FBAA0052CB27 /* Frameworks */,
				3D726EB029E7FBAA0052CB27 /* Resources */,
			);
			buildRules = (
			);
			dependencies = (
				3D726EB429E7FBAA0052CB27 /* PBXTargetDependency */,
			);
			name = "GolfPad-TestTests";
			productName = "GolfPad-TestTests";
			productReference = 3D726EB229E7FBAA0052CB27 /* GolfPad-TestTests.xctest */;
			productType = "com.apple.product-type.bundle.unit-test";
		};
		3D726EBB29E7FBAA0052CB27 /* GolfPad-TestUITests */ = {
			isa = PBXNativeTarget;
			buildConfigurationList = 3D726ECC29E7FBAA0052CB27 /* Build configuration list for PBXNativeTarget "GolfPad-TestUITests" */;
			buildPhases = (
				3D726EB829E7FBAA0052CB27 /* Sources */,
				3D726EB929E7FBAA0052CB27 /* Frameworks */,
				3D726EBA29E7FBAA0052CB27 /* Resources */,
			);
			buildRules = (
			);
			dependencies = (
				3D726EBE29E7FBAA0052CB27 /* PBXTargetDependency */,
			);
			name = "GolfPad-TestUITests";
			productName = "GolfPad-TestUITests";
			productReference = 3D726EBC29E7FBAA0052CB27 /* GolfPad-TestUITests.xctest */;
			productType = "com.apple.product-type.bundle.ui-testing";
		};
/* End PBXNativeTarget section */

/* Begin PBXProject section */
		3D726E9429E7FBA60052CB27 /* Project object */ = {
			isa = PBXProject;
			attributes = {
				BuildIndependentTargetsInParallel = 1;
				LastSwiftUpdateCheck = 1420;
				LastUpgradeCheck = 1420;
				TargetAttributes = {
					3D726E9B29E7FBA60052CB27 = {
						CreatedOnToolsVersion = 14.2;
					};
					3D726EB129E7FBAA0052CB27 = {
						CreatedOnToolsVersion = 14.2;
						TestTargetID = 3D726E9B29E7FBA60052CB27;
					};
					3D726EBB29E7FBAA0052CB27 = {
						CreatedOnToolsVersion = 14.2;
						TestTargetID = 3D726E9B29E7FBA60052CB27;
					};
				};
			};
			buildConfigurationList = 3D726E9729E7FBA60052CB27 /* Build configuration list for PBXProject "GolfPad-Test" */;
			compatibilityVersion = "Xcode 14.0";
			developmentRegion = en;
			hasScannedForEncodings = 0;
			knownRegions = (
				en,
				Base,
			);
			mainGroup = 3D726E9329E7FBA60052CB27;
			productRefGroup = 3D726E9D29E7FBA60052CB27 /* Products */;
			projectDirPath = "";
			projectRoot = "";
			targets = (
				3D726E9B29E7FBA60052CB27 /* GolfPad-Test */,
				3D726EB129E7FBAA0052CB27 /* GolfPad-TestTests */,
				3D726EBB29E7FBAA0052CB27 /* GolfPad-TestUITests */,
			);
		};
/* End PBXProject section */

/* Begin PBXResourcesBuildPhase section */
		3D726E9A29E7FBA60052CB27 /* Resources */ = {
			isa = PBXResourcesBuildPhase;
			buildActionMask = 2147483647;
			files = (
				3D726EAC29E7FBA90052CB27 /* LaunchScreen.storyboard in Resources */,
				3D726EA929E7FBA90052CB27 /* Assets.xcassets in Resources */,
				3D726EA729E7FBA60052CB27 /* Main.storyboard in Resources */,
			);
			runOnlyForDeploymentPostprocessing = 0;
		};
		3D726EB029E7FBAA0052CB27 /* Resources */ = {
			isa = PBXResourcesBuildPhase;
			buildActionMask = 2147483647;
			files = (
			);
			runOnlyForDeploymentPostprocessing = 0;
		};
		3D726EBA29E7FBAA0052CB27 /* Resources */ = {
			isa = PBXResourcesBuildPhase;
			buildActionMask = 2147483647;
			files = (
			);
			runOnlyForDeploymentPostprocessing = 0;
		};
/* End PBXResourcesBuildPhase section */

/* Begin PBXSourcesBuildPhase section */
		3D726E9829E7FBA60052CB27 /* Sources */ = {
			isa = PBXSourcesBuildPhase;
			buildActionMask = 2147483647;
			files = (
				3D726EA429E7FBA60052CB27 /* ViewController.swift in Sources */,
				3D726EA029E7FBA60052CB27 /* AppDelegate.swift in Sources */,
				3D726ED229E82F210052CB27 /* UIViewControllerExtension.swift in Sources */,
				3D726EA229E7FBA60052CB27 /* SceneDelegate.swift in Sources */,
				3D726ED029E82C710052CB27 /* MainPresenter.swift in Sources */,
			);
			runOnlyForDeploymentPostprocessing = 0;
		};
		3D726EAE29E7FBAA0052CB27 /* Sources */ = {
			isa = PBXSourcesBuildPhase;
			buildActionMask = 2147483647;
			files = (
				3D726EB729E7FBAA0052CB27 /* GolfPad_TestTests.swift in Sources */,
			);
			runOnlyForDeploymentPostprocessing = 0;
		};
		3D726EB829E7FBAA0052CB27 /* Sources */ = {
			isa = PBXSourcesBuildPhase;
			buildActionMask = 2147483647;
			files = (
				3D726EC329E7FBAA0052CB27 /* GolfPad_TestUITestsLaunchTests.swift in Sources */,
				3D726EC129E7FBAA0052CB27 /* GolfPad_TestUITests.swift in Sources */,
			);
			runOnlyForDeploymentPostprocessing = 0;
		};
/* End PBXSourcesBuildPhase section */

/* Begin PBXTargetDependency section */
		3D726EB429E7FBAA0052CB27 /* PBXTargetDependency */ = {
			isa = PBXTargetDependency;
			target = 3D726E9B29E7FBA60052CB27 /* GolfPad-Test */;
			targetProxy = 3D726EB329E7FBAA0052CB27 /* PBXContainerItemProxy */;
		};
		3D726EBE29E7FBAA0052CB27 /* PBXTargetDependency */ = {
			isa = PBXTargetDependency;
			target = 3D726E9B29E7FBA60052CB27 /* GolfPad-Test */;
			targetProxy = 3D726EBD29E7FBAA0052CB27 /* PBXContainerItemProxy */;
		};
/* End PBXTargetDependency section */

/* Begin PBXVariantGroup section */
		3D726EA529E7FBA60052CB27 /* Main.storyboard */ = {
			isa = PBXVariantGroup;
			children = (
				3D726EA629E7FBA60052CB27 /* Base */,
			);
			name = Main.storyboard;
			sourceTree = "<group>";
		};
		3D726EAA29E7FBA90052CB27 /* LaunchScreen.storyboard */ = {
			isa = PBXVariantGroup;
			children = (
				3D726EAB29E7FBA90052CB27 /* Base */,
			);
			name = LaunchScreen.storyboard;
			sourceTree = "<group>";
		};
/* End PBXVariantGroup section */

/* Begin XCBuildConfiguration section */
		3D726EC429E7FBAA0052CB27 /* Debug */ = {
			isa = XCBuildConfiguration;
			buildSettings = {
				ALWAYS_SEARCH_USER_PATHS = NO;
				CLANG_ANALYZER_NONNULL = YES;
				CLANG_ANALYZER_NUMBER_OBJECT_CONVERSION = YES_AGGRESSIVE;
				CLANG_CXX_LANGUAGE_STANDARD = "gnu++20";
				CLANG_ENABLE_MODULES = YES;
				CLANG_ENABLE_OBJC_ARC = YES;
				CLANG_ENABLE_OBJC_WEAK = YES;
				CLANG_WARN_BLOCK_CAPTURE_AUTORELEASING = YES;
				CLANG_WARN_BOOL_CONVERSION = YES;
				CLANG_WARN_COMMA = YES;
				CLANG_WARN_CONSTANT_CONVERSION = YES;
				CLANG_WARN_DEPRECATED_OBJC_IMPLEMENTATIONS = YES;
				CLANG_WARN_DIRECT_OBJC_ISA_USAGE = YES_ERROR;
				CLANG_WARN_DOCUMENTATION_COMMENTS = YES;
				CLANG_WARN_EMPTY_BODY = YES;
				CLANG_WARN_ENUM_CONVERSION = YES;
				CLANG_WARN_INFINITE_RECURSION = YES;
				CLANG_WARN_INT_CONVERSION = YES;
				CLANG_WARN_NON_LITERAL_NULL_CONVERSION = YES;
				CLANG_WARN_OBJC_IMPLICIT_RETAIN_SELF = YES;
				CLANG_WARN_OBJC_LITERAL_CONVERSION = YES;
				CLANG_WARN_OBJC_ROOT_CLASS = YES_ERROR;
				CLANG_WARN_QUOTED_INCLUDE_IN_FRAMEWORK_HEADER = YES;
				CLANG_WARN_RANGE_LOOP_ANALYSIS = YES;
				CLANG_WARN_STRICT_PROTOTYPES = YES;
				CLANG_WARN_SUSPICIOUS_MOVE = YES;
				CLANG_WARN_UNGUARDED_AVAILABILITY = YES_AGGRESSIVE;
				CLANG_WARN_UNREACHABLE_CODE = YES;
				CLANG_WARN__DUPLICATE_METHOD_MATCH = YES;
				COPY_PHASE_STRIP = NO;
				DEBUG_INFORMATION_FORMAT = dwarf;
				ENABLE_STRICT_OBJC_MSGSEND = YES;
				ENABLE_TESTABILITY = YES;
				GCC_C_LANGUAGE_STANDARD = gnu11;
				GCC_DYNAMIC_NO_PIC = NO;
				GCC_NO_COMMON_BLOCKS = YES;
				GCC_OPTIMIZATION_LEVEL = 0;
				GCC_PREPROCESSOR_DEFINITIONS = (
					"DEBUG=1",
					"$(inherited)",
				);
				GCC_WARN_64_TO_32_BIT_CONVERSION = YES;
				GCC_WARN_ABOUT_RETURN_TYPE = YES_ERROR;
				GCC_WARN_UNDECLARED_SELECTOR = YES;
				GCC_WARN_UNINITIALIZED_AUTOS = YES_AGGRESSIVE;
				GCC_WARN_UNUSED_FUNCTION = YES;
				GCC_WARN_UNUSED_VARIABLE = YES;
				IPHONEOS_DEPLOYMENT_TARGET = 16.2;
				MTL_ENABLE_DEBUG_INFO = INCLUDE_SOURCE;
				MTL_FAST_MATH = YES;
				ONLY_ACTIVE_ARCH = YES;
				SDKROOT = iphoneos;
				SWIFT_ACTIVE_COMPILATION_CONDITIONS = DEBUG;
				SWIFT_OPTIMIZATION_LEVEL = "-Onone";
			};
			name = Debug;
		};
		3D726EC529E7FBAA0052CB27 /* Release */ = {
			isa = XCBuildConfiguration;
			buildSettings = {
				ALWAYS_SEARCH_USER_PATHS = NO;
				CLANG_ANALYZER_NONNULL = YES;
				CLANG_ANALYZER_NUMBER_OBJECT_CONVERSION = YES_AGGRESSIVE;
				CLANG_CXX_LANGUAGE_STANDARD = "gnu++20";
				CLANG_ENABLE_MODULES = YES;
				CLANG_ENABLE_OBJC_ARC = YES;
				CLANG_ENABLE_OBJC_WEAK = YES;
				CLANG_WARN_BLOCK_CAPTURE_AUTORELEASING = YES;
				CLANG_WARN_BOOL_CONVERSION = YES;
				CLANG_WARN_COMMA = YES;
				CLANG_WARN_CONSTANT_CONVERSION = YES;
				CLANG_WARN_DEPRECATED_OBJC_IMPLEMENTATIONS = YES;
				CLANG_WARN_DIRECT_OBJC_ISA_USAGE = YES_ERROR;
				CLANG_WARN_DOCUMENTATION_COMMENTS = YES;
				CLANG_WARN_EMPTY_BODY = YES;
				CLANG_WARN_ENUM_CONVERSION = YES;
				CLANG_WARN_INFINITE_RECURSION = YES;
				CLANG_WARN_INT_CONVERSION = YES;
				CLANG_WARN_NON_LITERAL_NULL_CONVERSION = YES;
				CLANG_WARN_OBJC_IMPLICIT_RETAIN_SELF = YES;
				CLANG_WARN_OBJC_LITERAL_CONVERSION = YES;
				CLANG_WARN_OBJC_ROOT_CLASS = YES_ERROR;
				CLANG_WARN_QUOTED_INCLUDE_IN_FRAMEWORK_HEADER = YES;
				CLANG_WARN_RANGE_LOOP_ANALYSIS = YES;
				CLANG_WARN_STRICT_PROTOTYPES = YES;
				CLANG_WARN_SUSPICIOUS_MOVE = YES;
				CLANG_WARN_UNGUARDED_AVAILABILITY = YES_AGGRESSIVE;
				CLANG_WARN_UNREACHABLE_CODE = YES;
				CLANG_WARN__DUPLICATE_METHOD_MATCH = YES;
				COPY_PHASE_STRIP = NO;
				DEBUG_INFORMATION_FORMAT = "dwarf-with-dsym";
				ENABLE_NS_ASSERTIONS = NO;
				ENABLE_STRICT_OBJC_MSGSEND = YES;
				GCC_C_LANGUAGE_STANDARD = gnu11;
				GCC_NO_COMMON_BLOCKS = YES;
				GCC_WARN_64_TO_32_BIT_CONVERSION = YES;
				GCC_WARN_ABOUT_RETURN_TYPE = YES_ERROR;
				GCC_WARN_UNDECLARED_SELECTOR = YES;
				GCC_WARN_UNINITIALIZED_AUTOS = YES_AGGRESSIVE;
				GCC_WARN_UNUSED_FUNCTION = YES;
				GCC_WARN_UNUSED_VARIABLE = YES;
				IPHONEOS_DEPLOYMENT_TARGET = 16.2;
				MTL_ENABLE_DEBUG_INFO = NO;
				MTL_FAST_MATH = YES;
				SDKROOT = iphoneos;
				SWIFT_COMPILATION_MODE = wholemodule;
				SWIFT_OPTIMIZATION_LEVEL = "-O";
				VALIDATE_PRODUCT = YES;
			};
			name = Release;
		};
		3D726EC729E7FBAA0052CB27 /* Debug */ = {
			isa = XCBuildConfiguration;
			buildSettings = {
				ASSETCATALOG_COMPILER_APPICON_NAME = AppIcon;
				ASSETCATALOG_COMPILER_GLOBAL_ACCENT_COLOR_NAME = AccentColor;
				CODE_SIGN_STYLE = Automatic;
				CURRENT_PROJECT_VERSION = 1;
				DEVELOPMENT_TEAM = 6JV2JT4Z4Z;
				GENERATE_INFOPLIST_FILE = YES;
				INFOPLIST_FILE = "GolfPad-Test/Info.plist";
				INFOPLIST_KEY_UIApplicationSupportsIndirectInputEvents = YES;
				INFOPLIST_KEY_UILaunchStoryboardName = LaunchScreen;
				INFOPLIST_KEY_UIMainStoryboardFile = Main;
				INFOPLIST_KEY_UISupportedInterfaceOrientations_iPad = "UIInterfaceOrientationPortrait UIInterfaceOrientationPortraitUpsideDown UIInterfaceOrientationLandscapeLeft UIInterfaceOrientationLandscapeRight";
				INFOPLIST_KEY_UISupportedInterfaceOrientations_iPhone = "UIInterfaceOrientationPortrait UIInterfaceOrientationLandscapeLeft UIInterfaceOrientationLandscapeRight";
				LD_RUNPATH_SEARCH_PATHS = (
					"$(inherited)",
					"@executable_path/Frameworks",
				);
				MARKETING_VERSION = 1.0;
				PRODUCT_BUNDLE_IDENTIFIER = "Suslov.GolfPad-Test";
				PRODUCT_NAME = "$(TARGET_NAME)";
				SWIFT_EMIT_LOC_STRINGS = YES;
				SWIFT_VERSION = 5.0;
				TARGETED_DEVICE_FAMILY = "1,2";
			};
			name = Debug;
		};
		3D726EC829E7FBAA0052CB27 /* Release */ = {
			isa = XCBuildConfiguration;
			buildSettings = {
				ASSETCATALOG_COMPILER_APPICON_NAME = AppIcon;
				ASSETCATALOG_COMPILER_GLOBAL_ACCENT_COLOR_NAME = AccentColor;
				CODE_SIGN_STYLE = Automatic;
				CURRENT_PROJECT_VERSION = 1;
				DEVELOPMENT_TEAM = 6JV2JT4Z4Z;
				GENERATE_INFOPLIST_FILE = YES;
				INFOPLIST_FILE = "GolfPad-Test/Info.plist";
				INFOPLIST_KEY_UIApplicationSupportsIndirectInputEvents = YES;
				INFOPLIST_KEY_UILaunchStoryboardName = LaunchScreen;
				INFOPLIST_KEY_UIMainStoryboardFile = Main;
				INFOPLIST_KEY_UISupportedInterfaceOrientations_iPad = "UIInterfaceOrientationPortrait UIInterfaceOrientationPortraitUpsideDown UIInterfaceOrientationLandscapeLeft UIInterfaceOrientationLandscapeRight";
				INFOPLIST_KEY_UISupportedInterfaceOrientations_iPhone = "UIInterfaceOrientationPortrait UIInterfaceOrientationLandscapeLeft UIInterfaceOrientationLandscapeRight";
				LD_RUNPATH_SEARCH_PATHS = (
					"$(inherited)",
					"@executable_path/Frameworks",
				);
				MARKETING_VERSION = 1.0;
				PRODUCT_BUNDLE_IDENTIFIER = "Suslov.GolfPad-Test";
				PRODUCT_NAME = "$(TARGET_NAME)";
				SWIFT_EMIT_LOC_STRINGS = YES;
				SWIFT_VERSION = 5.0;
				TARGETED_DEVICE_FAMILY = "1,2";
			};
			name = Release;
		};
		3D726ECA29E7FBAA0052CB27 /* Debug */ = {
			isa = XCBuildConfiguration;
			buildSettings = {
				ALWAYS_EMBED_SWIFT_STANDARD_LIBRARIES = YES;
				BUNDLE_LOADER = "$(TEST_HOST)";
				CODE_SIGN_STYLE = Automatic;
				CURRENT_PROJECT_VERSION = 1;
				DEVELOPMENT_TEAM = 6JV2JT4Z4Z;
				GENERATE_INFOPLIST_FILE = YES;
				IPHONEOS_DEPLOYMENT_TARGET = 16.2;
				MARKETING_VERSION = 1.0;
				PRODUCT_BUNDLE_IDENTIFIER = "Suslov.GolfPad-TestTests";
				PRODUCT_NAME = "$(TARGET_NAME)";
				SWIFT_EMIT_LOC_STRINGS = NO;
				SWIFT_VERSION = 5.0;
				TARGETED_DEVICE_FAMILY = "1,2";
				TEST_HOST = "$(BUILT_PRODUCTS_DIR)/GolfPad-Test.app/$(BUNDLE_EXECUTABLE_FOLDER_PATH)/GolfPad-Test";
			};
			name = Debug;
		};
		3D726ECB29E7FBAA0052CB27 /* Release */ = {
			isa = XCBuildConfiguration;
			buildSettings = {
				ALWAYS_EMBED_SWIFT_STANDARD_LIBRARIES = YES;
				BUNDLE_LOADER = "$(TEST_HOST)";
				CODE_SIGN_STYLE = Automatic;
				CURRENT_PROJECT_VERSION = 1;
				DEVELOPMENT_TEAM = 6JV2JT4Z4Z;
				GENERATE_INFOPLIST_FILE = YES;
				IPHONEOS_DEPLOYMENT_TARGET = 16.2;
				MARKETING_VERSION = 1.0;
				PRODUCT_BUNDLE_IDENTIFIER = "Suslov.GolfPad-TestTests";
				PRODUCT_NAME = "$(TARGET_NAME)";
				SWIFT_EMIT_LOC_STRINGS = NO;
				SWIFT_VERSION = 5.0;
				TARGETED_DEVICE_FAMILY = "1,2";
				TEST_HOST = "$(BUILT_PRODUCTS_DIR)/GolfPad-Test.app/$(BUNDLE_EXECUTABLE_FOLDER_PATH)/GolfPad-Test";
			};
			name = Release;
		};
		3D726ECD29E7FBAA0052CB27 /* Debug */ = {
			isa = XCBuildConfiguration;
			buildSettings = {
				ALWAYS_EMBED_SWIFT_STANDARD_LIBRARIES = YES;
				CODE_SIGN_STYLE = Automatic;
				CURRENT_PROJECT_VERSION = 1;
				DEVELOPMENT_TEAM = 6JV2JT4Z4Z;
				GENERATE_INFOPLIST_FILE = YES;
				MARKETING_VERSION = 1.0;
				PRODUCT_BUNDLE_IDENTIFIER = "Suslov.GolfPad-TestUITests";
				PRODUCT_NAME = "$(TARGET_NAME)";
				SWIFT_EMIT_LOC_STRINGS = NO;
				SWIFT_VERSION = 5.0;
				TARGETED_DEVICE_FAMILY = "1,2";
				TEST_TARGET_NAME = "GolfPad-Test";
			};
			name = Debug;
		};
		3D726ECE29E7FBAA0052CB27 /* Release */ = {
			isa = XCBuildConfiguration;
			buildSettings = {
				ALWAYS_EMBED_SWIFT_STANDARD_LIBRARIES = YES;
				CODE_SIGN_STYLE = Automatic;
				CURRENT_PROJECT_VERSION = 1;
				DEVELOPMENT_TEAM = 6JV2JT4Z4Z;
				GENERATE_INFOPLIST_FILE = YES;
				MARKETING_VERSION = 1.0;
				PRODUCT_BUNDLE_IDENTIFIER = "Suslov.GolfPad-TestUITests";
				PRODUCT_NAME = "$(TARGET_NAME)";
				SWIFT_EMIT_LOC_STRINGS = NO;
				SWIFT_VERSION = 5.0;
				TARGETED_DEVICE_FAMILY = "1,2";
				TEST_TARGET_NAME = "GolfPad-Test";
			};
			name = Release;
		};
/* End XCBuildConfiguration section */

/* Begin XCConfigurationList section */
		3D726E9729E7FBA60052CB27 /* Build configuration list for PBXProject "GolfPad-Test" */ = {
			isa = XCConfigurationList;
			buildConfigurations = (
				3D726EC429E7FBAA0052CB27 /* Debug */,
				3D726EC529E7FBAA0052CB27 /* Release */,
			);
			defaultConfigurationIsVisible = 0;
			defaultConfigurationName = Release;
		};
		3D726EC629E7FBAA0052CB27 /* Build configuration list for PBXNativeTarget "GolfPad-Test" */ = {
			isa = XCConfigurationList;
			buildConfigurations = (
				3D726EC729E7FBAA0052CB27 /* Debug */,
				3D726EC829E7FBAA0052CB27 /* Release */,
			);
			defaultConfigurationIsVisible = 0;
			defaultConfigurationName = Release;
		};
		3D726EC929E7FBAA0052CB27 /* Build configuration list for PBXNativeTarget "GolfPad-TestTests" */ = {
			isa = XCConfigurationList;
			buildConfigurations = (
				3D726ECA29E7FBAA0052CB27 /* Debug */,
				3D726ECB29E7FBAA0052CB27 /* Release */,
			);
			defaultConfigurationIsVisible = 0;
			defaultConfigurationName = Release;
		};
		3D726ECC29E7FBAA0052CB27 /* Build configuration list for PBXNativeTarget "GolfPad-TestUITests" */ = {
			isa = XCConfigurationList;
			buildConfigurations = (
				3D726ECD29E7FBAA0052CB27 /* Debug */,
				3D726ECE29E7FBAA0052CB27 /* Release */,
			);
			defaultConfigurationIsVisible = 0;
			defaultConfigurationName = Release;
		};
/* End XCConfigurationList section */
	};
	rootObject = 3D726E9429E7FBA60052CB27 /* Project object */;
}
